
Microsoft Visual Studio Solution File, Format Version 12.00
Project("{FAE04EC0-301F-11D3-BF4B-00C04F79EFBC}") = "6TTi_DP_Mael_ACT00_REVISION", "6TTi_DP_Mael_ACT00_REVISION.csproj", "{CFC704DE-B6F8-4C41-B52D-C83C8333E32E}"
EndProject
Global
	GlobalSection(SolutionConfigurationPlatforms) = preSolution
		Debug|Any CPU = Debug|Any CPU
		Release|Any CPU = Release|Any CPU
	EndGlobalSection
	GlobalSection(ProjectConfigurationPlatforms) = postSolution
		{CFC704DE-B6F8-4C41-B52D-C83C8333E32E}.Debug|Any CPU.ActiveCfg = Debug|Any CPU
		{CFC704DE-B6F8-4C41-B52D-C83C8333E32E}.Debug|Any CPU.Build.0 = Debug|Any CPU
		{CFC704DE-B6F8-4C41-B52D-C83C8333E32E}.Release|Any CPU.ActiveCfg = Release|Any CPU
		{CFC704DE-B6F8-4C41-B52D-C83C8333E32E}.Release|Any CPU.Build.0 = Release|Any CPU
	EndGlobalSection
EndGlobal
